<?xml version="1.0" encoding="utf-8"?>
<Project ToolsVersion="4.0" xmlns="http://schemas.microsoft.com/developer/msbuild/2003">
  <ItemGroup>
    <Filter Include="Source Files">
      <UniqueIdentifier>{4FC737F1-C7A5-4376-A066-2A32D752A2FF}</UniqueIdentifier>
      <Extensions>cpp;c;cc;cxx;def;odl;idl;hpj;bat;asm;asmx</Extensions>
    </Filter>
    <Filter Include="Header Files">
      <UniqueIdentifier>{93995380-89BD-4b04-88EB-625FBE52EBFB}</UniqueIdentifier>
      <Extensions>h;hh;hpp;hxx;hm;inl;inc;xsd</Extensions>
    </Filter>
    <Filter Include="Header Files\core_include">
      <UniqueIdentifier>{ee075da6-cdde-4d0a-8c3e-4f969486d78a}</UniqueIdentifier>
    </Filter>
    <Filter Include="Header Files\gui_include">
      <UniqueIdentifier>{545b674c-c3e9-476a-b488-f4b0cb591cfc}</UniqueIdentifier>
    </Filter>
  </ItemGroup>
  <ItemGroup>
    <ClInclude Include="gui_include\button.h">
      <Filter>Header Files\gui_include</Filter>
    </ClInclude>
    <ClInclude Include="gui_include\dialog.h">
      <Filter>Header Files\gui_include</Filter>
    </ClInclude>
    <ClInclude Include="gui_include\edit.h">
      <Filter>Header Files\gui_include</Filter>
    </ClInclude>
    <ClInclude Include="gui_include\font.h">
      <Filter>Header Files\gui_include</Filter>
    </ClInclude>
    <ClInclude Include="gui_include\gesture.h">
      <Filter>Header Files\gui_include</Filter>
    </ClInclude>
    <ClInclude Include="gui_include\keyboard.h">
      <Filter>Header Files\gui_include</Filter>
    </ClInclude>
    <ClInclude Include="gui_include\label.h">
      <Filter>Header Files\gui_include</Filter>
    </ClInclude>
    <ClInclude Include="gui_include\list_box.h">
      <Filter>Header Files\gui_include</Filter>
    </ClInclude>
    <ClInclude Include="gui_include\shape_resource.h">
      <Filter>Header Files\gui_include</Filter>
    </ClInclude>
    <ClInclude Include="gui_include\spinbox.h">
      <Filter>Header Files\gui_include</Filter>
    </ClInclude>
    <ClInclude Include="gui_include\table.h">
      <Filter>Header Files\gui_include</Filter>
    </ClInclude>
    <ClInclude Include="gui_include\slide_group.h">
      <Filter>Header Files\gui_include</Filter>
    </ClInclude>
    <ClInclude Include="..\core\core_include\surface.h">
      <Filter>Header Files\core_include</Filter>
    </ClInclude>
    <ClInclude Include="..\core\core_include\wave_buffer.h">
      <Filter>Header Files\core_include</Filter>
    </ClInclude>
    <ClInclude Include="..\core\core_include\wave_ctrl.h">
      <Filter>Header Files\core_include</Filter>
    </ClInclude>
    <ClInclude Include="..\core\core_include\wnd.h">
      <Filter>Header Files\core_include</Filter>
    </ClInclude>
    <ClInclude Include="..\core\core_include\word.h">
      <Filter>Header Files\core_include</Filter>
    </ClInclude>
    <ClInclude Include="..\core\core_include\api.h">
      <Filter>Header Files\core_include</Filter>
    </ClInclude>
    <ClInclude Include="..\core\core_include\audio.h">
      <Filter>Header Files\core_include</Filter>
    </ClInclude>
    <ClInclude Include="..\core\core_include\bitmap.h">
      <Filter>Header Files\core_include</Filter>
    </ClInclude>
    <ClInclude Include="..\core\core_include\cmd_target.h">
      <Filter>Header Files\core_include</Filter>
    </ClInclude>
    <ClInclude Include="..\core\core_include\display.h">
      <Filter>Header Files\core_include</Filter>
    </ClInclude>
    <ClInclude Include="..\core\core_include\msg.h">
      <Filter>Header Files\core_include</Filter>
    </ClInclude>
    <ClInclude Include="..\core\core_include\rect.h">
      <Filter>Header Files\core_include</Filter>
    </ClInclude>
    <ClInclude Include="..\core\core_include\resource_type.h">
      <Filter>Header Files\core_include</Filter>
    </ClInclude>
  </ItemGroup>
  <ItemGroup>
    <ClCompile Include="src\button.cpp">
      <Filter>Source Files</Filter>
    </ClCompile>
    <ClCompile Include="src\dialog.cpp">
      <Filter>Source Files</Filter>
    </ClCompile>
    <ClCompile Include="src\gesture.cpp">
      <Filter>Source Files</Filter>
    </ClCompile>
    <ClCompile Include="src\label.cpp">
      <Filter>Source Files</Filter>
    </ClCompile>
    <ClCompile Include="src\shape_resource.cpp">
      <Filter>Source Files</Filter>
    </ClCompile>
    <ClCompile Include="src\spinbox.cpp">
      <Filter>Source Files</Filter>
    </ClCompile>
    <ClCompile Include="src\table.cpp">
      <Filter>Source Files</Filter>
    </ClCompile>
    <ClCompile Include="src\edit.cpp">
      <Filter>Source Files</Filter>
    </ClCompile>
    <ClCompile Include="src\keyboard.cpp">
      <Filter>Source Files</Filter>
    </ClCompile>
    <ClCompile Include="src\list_box.cpp">
      <Filter>Source Files</Filter>
    </ClCompile>
    <ClCompile Include="src\slide_group.cpp">
      <Filter>Source Files</Filter>
    </ClCompile>
  </ItemGroup>
</Project>