<?xml version="1.0" encoding="utf-8"?>
<Project ToolsVersion="4.0" xmlns="http://schemas.microsoft.com/developer/msbuild/2003">
  <ItemGroup>
    <Filter Include="Source Files">
      <UniqueIdentifier>{4FC737F1-C7A5-4376-A066-2A32D752A2FF}</UniqueIdentifier>
      <Extensions>cpp;c;cc;cxx;def;odl;idl;hpj;bat;asm;asmx</Extensions>
    </Filter>
    <Filter Include="Header Files">
      <UniqueIdentifier>{93995380-89BD-4b04-88EB-625FBE52EBFB}</UniqueIdentifier>
      <Extensions>h;hh;hpp;hxx;hm;inl;inc;xsd</Extensions>
    </Filter>
    <Filter Include="Header Files\core_include">
      <UniqueIdentifier>{3a033a7f-d656-4871-b7fe-f0a16aca7c8d}</UniqueIdentifier>
    </Filter>
  </ItemGroup>
  <ItemGroup>
    <ClCompile Include="src\bitmap.cpp">
      <Filter>Source Files</Filter>
    </ClCompile>
    <ClCompile Include="src\cmd_target.cpp">
      <Filter>Source Files</Filter>
    </ClCompile>
    <ClCompile Include="src\rect.cpp">
      <Filter>Source Files</Filter>
    </ClCompile>
    <ClCompile Include="src\rgb.cpp">
      <Filter>Source Files</Filter>
    </ClCompile>
    <ClCompile Include="src\wave_buffer.cpp">
      <Filter>Source Files</Filter>
    </ClCompile>
    <ClCompile Include="src\wave_ctrl.cpp">
      <Filter>Source Files</Filter>
    </ClCompile>
    <ClCompile Include="src\wnd.cpp">
      <Filter>Source Files</Filter>
    </ClCompile>
    <ClCompile Include="src\word.cpp">
      <Filter>Source Files</Filter>
    </ClCompile>
    <ClCompile Include="src\adapter\api_win.cpp">
      <Filter>Source Files</Filter>
    </ClCompile>
    <ClCompile Include="src\adapter\audio_win.cpp">
      <Filter>Source Files</Filter>
    </ClCompile>
    <ClCompile Include="src\adapter\msg_win.cpp">
      <Filter>Source Files</Filter>
    </ClCompile>
    <ClCompile Include="src\surface.cpp">
      <Filter>Source Files</Filter>
    </ClCompile>
    <ClCompile Include="src\display.cpp">
      <Filter>Source Files</Filter>
    </ClCompile>
  </ItemGroup>
  <ItemGroup>
    <ClInclude Include="core_include\api.h">
      <Filter>Header Files\core_include</Filter>
    </ClInclude>
    <ClInclude Include="core_include\audio.h">
      <Filter>Header Files\core_include</Filter>
    </ClInclude>
    <ClInclude Include="core_include\bitmap.h">
      <Filter>Header Files\core_include</Filter>
    </ClInclude>
    <ClInclude Include="core_include\cmd_target.h">
      <Filter>Header Files\core_include</Filter>
    </ClInclude>
    <ClInclude Include="core_include\msg.h">
      <Filter>Header Files\core_include</Filter>
    </ClInclude>
    <ClInclude Include="core_include\rect.h">
      <Filter>Header Files\core_include</Filter>
    </ClInclude>
    <ClInclude Include="core_include\resource_type.h">
      <Filter>Header Files\core_include</Filter>
    </ClInclude>
    <ClInclude Include="core_include\wave_buffer.h">
      <Filter>Header Files\core_include</Filter>
    </ClInclude>
    <ClInclude Include="core_include\wave_ctrl.h">
      <Filter>Header Files\core_include</Filter>
    </ClInclude>
    <ClInclude Include="core_include\wnd.h">
      <Filter>Header Files\core_include</Filter>
    </ClInclude>
    <ClInclude Include="core_include\word.h">
      <Filter>Header Files\core_include</Filter>
    </ClInclude>
    <ClInclude Include="core_include\surface.h">
      <Filter>Header Files\core_include</Filter>
    </ClInclude>
    <ClInclude Include="core_include\display.h">
      <Filter>Header Files\core_include</Filter>
    </ClInclude>
  </ItemGroup>
</Project>